
Microsoft Visual Studio Solution File, Format Version 12.00
# Visual Studio Version 17
VisualStudioVersion = 17.0.31912.275
MinimumVisualStudioVersion = 10.0.40219.1
Project("{FAE04EC0-301F-11D3-BF4B-00C04F79EFBC}") = "BasicGit62", "BasicGit62\BasicGit62.csproj", "{9759BED9-6B82-4483-96CE-1922BE4849D7}"
EndProject
Global
	GlobalSection(SolutionConfigurationPlatforms) = preSolution
		Debug|Any CPU = Debug|Any CPU
		Release|Any CPU = Release|Any CPU
	EndGlobalSection
	GlobalSection(ProjectConfigurationPlatforms) = postSolution
		{9759BED9-6B82-4483-96CE-1922BE4849D7}.Debug|Any CPU.ActiveCfg = Debug|Any CPU
		{9759BED9-6B82-4483-96CE-1922BE4849D7}.Debug|Any CPU.Build.0 = Debug|Any CPU
		{9759BED9-6B82-4483-96CE-1922BE4849D7}.Release|Any CPU.ActiveCfg = Release|Any CPU
		{9759BED9-6B82-4483-96CE-1922BE4849D7}.Release|Any CPU.Build.0 = Release|Any CPU
	EndGlobalSection
	GlobalSection(SolutionProperties) = preSolution
		HideSolutionNode = FALSE
	EndGlobalSection
	GlobalSection(ExtensibilityGlobals) = postSolution
		SolutionGuid = {A3966BB6-D70C-4DA4-B377-AE0B8C0C4B62}
	EndGlobalSection
EndGlobal
